
Microsoft Visual Studio Solution File, Format Version 12.00
# Visual Studio 15
VisualStudioVersion = 15.0.28307.2092
MinimumVisualStudioVersion = 10.0.40219.1
Project("{FAE04EC0-301F-11D3-BF4B-00C04F79EFBC}") = "Oxyzen8SelectorServer", "Oxyzen8SelectorServer\Oxyzen8SelectorServer.csproj", "{AC55C156-9B24-4C20-8C1A-48C94F7A38A1}"
EndProject
Global
	GlobalSection(SolutionConfigurationPlatforms) = preSolution
		Debug|Any CPU = Debug|Any CPU
		Release|Any CPU = Release|Any CPU
	EndGlobalSection
	GlobalSection(ProjectConfigurationPlatforms) = postSolution
		{AC55C156-9B24-4C20-8C1A-48C94F7A38A1}.Debug|Any CPU.ActiveCfg = Debug|Any CPU
		{AC55C156-9B24-4C20-8C1A-48C94F7A38A1}.Debug|Any CPU.Build.0 = Debug|Any CPU
		{AC55C156-9B24-4C20-8C1A-48C94F7A38A1}.Release|Any CPU.ActiveCfg = Release|Any CPU
		{AC55C156-9B24-4C20-8C1A-48C94F7A38A1}.Release|Any CPU.Build.0 = Release|Any CPU
	EndGlobalSection
	GlobalSection(SolutionProperties) = preSolution
		HideSolutionNode = FALSE
	EndGlobalSection
	GlobalSection(ExtensibilityGlobals) = postSolution
		SolutionGuid = {7F6728DC-7676-4E65-A6A4-66020BA760C1}
	EndGlobalSection
EndGlobal
